// !$*UTF8*$!
{
	archiveVersion = 1;
	classes = {
	};
	objectVersion = 46;
	objects = {

/* Begin PBXBuildFile section */
		D20444671AD2037D007487AF /* WeeklyWeatherViewController.m in Sources */ = {isa = PBXBuildFile; fileRef = D20444661AD2037D007487AF /* WeeklyWeatherViewController.m */; };
		D204446D1AD20ECD007487AF /* RevealViewController.m in Sources */ = {isa = PBXBuildFile; fileRef = D204446C1AD20ECD007487AF /* RevealViewController.m */; };
		D20444701AD20F07007487AF /* SideBarTableViewController.m in Sources */ = {isa = PBXBuildFile; fileRef = D204446F1AD20F07007487AF /* SideBarTableViewController.m */; };
		D20444731AD2259F007487AF /* TodoListViewController.m in Sources */ = {isa = PBXBuildFile; fileRef = D20444721AD2259F007487AF /* TodoListViewController.m */; };
		D20444761AD22819007487AF /* AddItemViewController.m in Sources */ = {isa = PBXBuildFile; fileRef = D20444751AD22819007487AF /* AddItemViewController.m */; };
		D20444791AD2282B007487AF /* DetailListViewController.m in Sources */ = {isa = PBXBuildFile; fileRef = D20444781AD2282B007487AF /* DetailListViewController.m */; };
		D204CB521AC3626400C149BD /* main.m in Sources */ = {isa = PBXBuildFile; fileRef = D204CB511AC3626400C149BD /* main.m */; };
		D204CB551AC3626400C149BD /* AppDelegate.m in Sources */ = {isa = PBXBuildFile; fileRef = D204CB541AC3626400C149BD /* AppDelegate.m */; };
		D204CB581AC3626400C149BD /* YourDay.xcdatamodeld in Sources */ = {isa = PBXBuildFile; fileRef = D204CB561AC3626400C149BD /* YourDay.xcdatamodeld */; };
		D204CB5E1AC3626400C149BD /* Main.storyboard in Resources */ = {isa = PBXBuildFile; fileRef = D204CB5C1AC3626400C149BD /* Main.storyboard */; };
		D204CB601AC3626400C149BD /* Images.xcassets in Resources */ = {isa = PBXBuildFile; fileRef = D204CB5F1AC3626400C149BD /* Images.xcassets */; };
		D204CB631AC3626400C149BD /* LaunchScreen.xib in Resources */ = {isa = PBXBuildFile; fileRef = D204CB611AC3626400C149BD /* LaunchScreen.xib */; };
		D204CB6F1AC3626400C149BD /* YourDayTests.m in Sources */ = {isa = PBXBuildFile; fileRef = D204CB6E1AC3626400C149BD /* YourDayTests.m */; };
		D204CB7A1AC3639800C149BD /* WeatherViewController.m in Sources */ = {isa = PBXBuildFile; fileRef = D204CB791AC3639800C149BD /* WeatherViewController.m */; };
		D204CB801AC3779200C149BD /* Earth-2048h-inverted.jpg in Resources */ = {isa = PBXBuildFile; fileRef = D204CB7C1AC3779200C149BD /* Earth-2048h-inverted.jpg */; };
		D204CB811AC3779200C149BD /* Earth-2048h.jpg in Resources */ = {isa = PBXBuildFile; fileRef = D204CB7D1AC3779200C149BD /* Earth-2048h.jpg */; };
		D204CB821AC3779200C149BD /* WeatherDesign@1x.png in Resources */ = {isa = PBXBuildFile; fileRef = D204CB7E1AC3779200C149BD /* WeatherDesign@1x.png */; };
		D204CB831AC3779200C149BD /* WeatherDesign@2x.png in Resources */ = {isa = PBXBuildFile; fileRef = D204CB7F1AC3779200C149BD /* WeatherDesign@2x.png */; };
		D20F07D21AD473920095504E /* WeeklyWeatherTableViewCell.m in Sources */ = {isa = PBXBuildFile; fileRef = D20F07D11AD473920095504E /* WeeklyWeatherTableViewCell.m */; };
		D20F07D71AD809800095504E /* Task.m in Sources */ = {isa = PBXBuildFile; fileRef = D20F07D61AD809800095504E /* Task.m */; };
		D20F07DA1AD809810095504E /* List.m in Sources */ = {isa = PBXBuildFile; fileRef = D20F07D91AD809810095504E /* List.m */; };
		D20F07DE1AD80A040095504E /* ListsDataStore.m in Sources */ = {isa = PBXBuildFile; fileRef = D20F07DD1AD80A040095504E /* ListsDataStore.m */; };
		D2196F8F1AEFE0DD00CD0A4A /* RSSDetailViewController.m in Sources */ = {isa = PBXBuildFile; fileRef = D2196F8E1AEFE0DD00CD0A4A /* RSSDetailViewController.m */; };
		D21FA6061B13F529002543F3 /* CoreLocation.framework in Frameworks */ = {isa = PBXBuildFile; fileRef = D21FA6051B13F529002543F3 /* CoreLocation.framework */; };
		D299D2B21AEF336D00A3393A /* RSSViewController.m in Sources */ = {isa = PBXBuildFile; fileRef = D299D2B11AEF336D00A3393A /* RSSViewController.m */; };
		D2B923991B334B0D005448DF /* icon-dark-cloudy.png in Resources */ = {isa = PBXBuildFile; fileRef = D2B9238E1B334B0D005448DF /* icon-dark-cloudy.png */; };
		D2B9239A1B334B0D005448DF /* icon-dark-hail.png in Resources */ = {isa = PBXBuildFile; fileRef = D2B9238F1B334B0D005448DF /* icon-dark-hail.png */; };
		D2B9239B1B334B0D005448DF /* icon-dark-moon.png in Resources */ = {isa = PBXBuildFile; fileRef = D2B923901B334B0D005448DF /* icon-dark-moon.png */; };
		D2B9239C1B334B0D005448DF /* icon-dark-pc-day.png in Resources */ = {isa = PBXBuildFile; fileRef = D2B923911B334B0D005448DF /* icon-dark-pc-day.png */; };
		D2B9239D1B334B0D005448DF /* icon-dark-pc-night.png in Resources */ = {isa = PBXBuildFile; fileRef = D2B923921B334B0D005448DF /* icon-dark-pc-night.png */; };
		D2B9239E1B334B0D005448DF /* icon-dark-rain-cloud.png in Resources */ = {isa = PBXBuildFile; fileRef = D2B923931B334B0D005448DF /* icon-dark-rain-cloud.png */; };
		D2B9239F1B334B0D005448DF /* icon-dark-snowfall.png in Resources */ = {isa = PBXBuildFile; fileRef = D2B923941B334B0D005448DF /* icon-dark-snowfall.png */; };
		D2B923A01B334B0D005448DF /* icon-dark-snowflake.png in Resources */ = {isa = PBXBuildFile; fileRef = D2B923951B334B0D005448DF /* icon-dark-snowflake.png */; };
		D2B923A11B334B0D005448DF /* icon-dark-sunny.png in Resources */ = {isa = PBXBuildFile; fileRef = D2B923961B334B0D005448DF /* icon-dark-sunny.png */; };
		D2B923A21B334B0D005448DF /* icon-dark-thunderstorm.png in Resources */ = {isa = PBXBuildFile; fileRef = D2B923971B334B0D005448DF /* icon-dark-thunderstorm.png */; };
		D2B923A31B334B0D005448DF /* icon-dark-tornado.png in Resources */ = {isa = PBXBuildFile; fileRef = D2B923981B334B0D005448DF /* icon-dark-tornado.png */; };
		D2B923AF1B335AA6005448DF /* icon-light-cloudy.png in Resources */ = {isa = PBXBuildFile; fileRef = D2B923A41B335AA6005448DF /* icon-light-cloudy.png */; };
		D2B923B01B335AA6005448DF /* icon-light-hail.png in Resources */ = {isa = PBXBuildFile; fileRef = D2B923A51B335AA6005448DF /* icon-light-hail.png */; };
		D2B923B11B335AA6005448DF /* icon-light-moon.png in Resources */ = {isa = PBXBuildFile; fileRef = D2B923A61B335AA6005448DF /* icon-light-moon.png */; };
		D2B923B21B335AA6005448DF /* icon-light-pc-day.png in Resources */ = {isa = PBXBuildFile; fileRef = D2B923A71B335AA6005448DF /* icon-light-pc-day.png */; };
		D2B923B31B335AA6005448DF /* icon-light-pc-night.png in Resources */ = {isa = PBXBuildFile; fileRef = D2B923A81B335AA6005448DF /* icon-light-pc-night.png */; };
		D2B923B41B335AA6005448DF /* icon-light-rain-cloud.png in Resources */ = {isa = PBXBuildFile; fileRef = D2B923A91B335AA6005448DF /* icon-light-rain-cloud.png */; };
		D2B923B51B335AA6005448DF /* icon-light-snowfall.png in Resources */ = {isa = PBXBuildFile; fileRef = D2B923AA1B335AA6005448DF /* icon-light-snowfall.png */; };
		D2B923B61B335AA6005448DF /* icon-light-snowflake.png in Resources */ = {isa = PBXBuildFile; fileRef = D2B923AB1B335AA6005448DF /* icon-light-snowflake.png */; };
		D2B923B71B335AA6005448DF /* icon-light-sunny.png in Resources */ = {isa = PBXBuildFile; fileRef = D2B923AC1B335AA6005448DF /* icon-light-sunny.png */; };
		D2B923B81B335AA6005448DF /* icon-light-thunderstorm.png in Resources */ = {isa = PBXBuildFile; fileRef = D2B923AD1B335AA6005448DF /* icon-light-thunderstorm.png */; };
		D2B923B91B335AA6005448DF /* icon-light-tornado.png in Resources */ = {isa = PBXBuildFile; fileRef = D2B923AE1B335AA6005448DF /* icon-light-tornado.png */; };
		D2B923BD1B337170005448DF /* nav-left-reveal.png in Resources */ = {isa = PBXBuildFile; fileRef = D2B923BC1B337170005448DF /* nav-left-reveal.png */; };
		D2FEEB231AF2782C00DE3336 /* theater masks.png in Resources */ = {isa = PBXBuildFile; fileRef = D2FEEB221AF2782C00DE3336 /* theater masks.png */; };
		D2FEEB281AF2954600DE3336 /* MethodsCache.m in Sources */ = {isa = PBXBuildFile; fileRef = D2FEEB271AF2954600DE3336 /* MethodsCache.m */; };
		D2FEEB2D1AF2AE2F00DE3336 /* Constants.m in Sources */ = {isa = PBXBuildFile; fileRef = D2FEEB2C1AF2AE2F00DE3336 /* Constants.m */; };
		D2FEEB2F1AF3555A00DE3336 /* scitech.png in Resources */ = {isa = PBXBuildFile; fileRef = D2FEEB2E1AF3555A00DE3336 /* scitech.png */; };
		D2FEEB331AF41C9700DE3336 /* world news.png in Resources */ = {isa = PBXBuildFile; fileRef = D2FEEB321AF41C9700DE3336 /* world news.png */; };
		D2FEEB351AF41E2500DE3336 /* business.png in Resources */ = {isa = PBXBuildFile; fileRef = D2FEEB341AF41E2500DE3336 /* business.png */; };
		F13B69044E46DCF1959C2738 /* libPods-YourDay.a in Frameworks */ = {isa = PBXBuildFile; fileRef = 3BF4D7F902519C7BC33BF619 /* libPods-YourDay.a */; };
/* End PBXBuildFile section */

/* Begin PBXContainerItemProxy section */
		D204CB691AC3626400C149BD /* PBXContainerItemProxy */ = {
			isa = PBXContainerItemProxy;
			containerPortal = D204CB441AC3626400C149BD /* Project object */;
			proxyType = 1;
			remoteGlobalIDString = D204CB4B1AC3626400C149BD;
			remoteInfo = YourDay;
		};
/* End PBXContainerItemProxy section */

/* Begin PBXFileReference section */
		3BF4D7F902519C7BC33BF619 /* libPods-YourDay.a */ = {isa = PBXFileReference; explicitFileType = archive.ar; includeInIndex = 0; path = "libPods-YourDay.a"; sourceTree = BUILT_PRODUCTS_DIR; };
		54608A9B7320009283D7181C /* Pods-YourDay.debug.xcconfig */ = {isa = PBXFileReference; includeInIndex = 1; lastKnownFileType = text.xcconfig; name = "Pods-YourDay.debug.xcconfig"; path = "Pods/Target Support Files/Pods-YourDay/Pods-YourDay.debug.xcconfig"; sourceTree = "<group>"; };
		7C7BBA7DF1258C521DEE5AF9 /* Pods-YourDay.release.xcconfig */ = {isa = PBXFileReference; includeInIndex = 1; lastKnownFileType = text.xcconfig; name = "Pods-YourDay.release.xcconfig"; path = "Pods/Target Support Files/Pods-YourDay/Pods-YourDay.release.xcconfig"; sourceTree = "<group>"; };
		D20444651AD2037D007487AF /* WeeklyWeatherViewController.h */ = {isa = PBXFileReference; fileEncoding = 4; lastKnownFileType = sourcecode.c.h; path = WeeklyWeatherViewController.h; sourceTree = "<group>"; };
		D20444661AD2037D007487AF /* WeeklyWeatherViewController.m */ = {isa = PBXFileReference; fileEncoding = 4; lastKnownFileType = sourcecode.c.objc; path = WeeklyWeatherViewController.m; sourceTree = "<group>"; };
		D204446B1AD20ECD007487AF /* RevealViewController.h */ = {isa = PBXFileReference; fileEncoding = 4; lastKnownFileType = sourcecode.c.h; path = RevealViewController.h; sourceTree = "<group>"; };
		D204446C1AD20ECD007487AF /* RevealViewController.m */ = {isa = PBXFileReference; fileEncoding = 4; lastKnownFileType = sourcecode.c.objc; path = RevealViewController.m; sourceTree = "<group>"; };
		D204446E1AD20F07007487AF /* SideBarTableViewController.h */ = {isa = PBXFileReference; fileEncoding = 4; lastKnownFileType = sourcecode.c.h; path = SideBarTableViewController.h; sourceTree = "<group>"; };
		D204446F1AD20F07007487AF /* SideBarTableViewController.m */ = {isa = PBXFileReference; fileEncoding = 4; lastKnownFileType = sourcecode.c.objc; path = SideBarTableViewController.m; sourceTree = "<group>"; };
		D20444711AD2259F007487AF /* TodoListViewController.h */ = {isa = PBXFileReference; fileEncoding = 4; lastKnownFileType = sourcecode.c.h; path = TodoListViewController.h; sourceTree = "<group>"; };
		D20444721AD2259F007487AF /* TodoListViewController.m */ = {isa = PBXFileReference; fileEncoding = 4; lastKnownFileType = sourcecode.c.objc; path = TodoListViewController.m; sourceTree = "<group>"; };
		D20444741AD22819007487AF /* AddItemViewController.h */ = {isa = PBXFileReference; fileEncoding = 4; lastKnownFileType = sourcecode.c.h; path = AddItemViewController.h; sourceTree = "<group>"; };
		D20444751AD22819007487AF /* AddItemViewController.m */ = {isa = PBXFileReference; fileEncoding = 4; lastKnownFileType = sourcecode.c.objc; path = AddItemViewController.m; sourceTree = "<group>"; };
		D20444771AD2282B007487AF /* DetailListViewController.h */ = {isa = PBXFileReference; fileEncoding = 4; lastKnownFileType = sourcecode.c.h; path = DetailListViewController.h; sourceTree = "<group>"; };
		D20444781AD2282B007487AF /* DetailListViewController.m */ = {isa = PBXFileReference; fileEncoding = 4; lastKnownFileType = sourcecode.c.objc; path = DetailListViewController.m; sourceTree = "<group>"; };
		D204CB4C1AC3626400C149BD /* YourDay.app */ = {isa = PBXFileReference; explicitFileType = wrapper.application; includeInIndex = 0; path = YourDay.app; sourceTree = BUILT_PRODUCTS_DIR; };
		D204CB501AC3626400C149BD /* Info.plist */ = {isa = PBXFileReference; lastKnownFileType = text.plist.xml; path = Info.plist; sourceTree = "<group>"; };
		D204CB511AC3626400C149BD /* main.m */ = {isa = PBXFileReference; lastKnownFileType = sourcecode.c.objc; path = main.m; sourceTree = "<group>"; };
		D204CB531AC3626400C149BD /* AppDelegate.h */ = {isa = PBXFileReference; lastKnownFileType = sourcecode.c.h; path = AppDelegate.h; sourceTree = "<group>"; };
		D204CB541AC3626400C149BD /* AppDelegate.m */ = {isa = PBXFileReference; lastKnownFileType = sourcecode.c.objc; path = AppDelegate.m; sourceTree = "<group>"; };
		D204CB571AC3626400C149BD /* YourDay.xcdatamodel */ = {isa = PBXFileReference; lastKnownFileType = wrapper.xcdatamodel; path = YourDay.xcdatamodel; sourceTree = "<group>"; };
		D204CB5D1AC3626400C149BD /* Base */ = {isa = PBXFileReference; lastKnownFileType = file.storyboard; name = Base; path = Base.lproj/Main.storyboard; sourceTree = "<group>"; };
		D204CB5F1AC3626400C149BD /* Images.xcassets */ = {isa = PBXFileReference; lastKnownFileType = folder.assetcatalog; path = Images.xcassets; sourceTree = "<group>"; };
		D204CB621AC3626400C149BD /* Base */ = {isa = PBXFileReference; lastKnownFileType = file.xib; name = Base; path = Base.lproj/LaunchScreen.xib; sourceTree = "<group>"; };
		D204CB681AC3626400C149BD /* YourDayTests.xctest */ = {isa = PBXFileReference; explicitFileType = wrapper.cfbundle; includeInIndex = 0; path = YourDayTests.xctest; sourceTree = BUILT_PRODUCTS_DIR; };
		D204CB6D1AC3626400C149BD /* Info.plist */ = {isa = PBXFileReference; lastKnownFileType = text.plist.xml; path = Info.plist; sourceTree = "<group>"; };
		D204CB6E1AC3626400C149BD /* YourDayTests.m */ = {isa = PBXFileReference; lastKnownFileType = sourcecode.c.objc; path = YourDayTests.m; sourceTree = "<group>"; };
		D204CB781AC3639800C149BD /* WeatherViewController.h */ = {isa = PBXFileReference; fileEncoding = 4; lastKnownFileType = sourcecode.c.h; path = WeatherViewController.h; sourceTree = "<group>"; };
		D204CB791AC3639800C149BD /* WeatherViewController.m */ = {isa = PBXFileReference; fileEncoding = 4; lastKnownFileType = sourcecode.c.objc; path = WeatherViewController.m; sourceTree = "<group>"; };
		D204CB7C1AC3779200C149BD /* Earth-2048h-inverted.jpg */ = {isa = PBXFileReference; lastKnownFileType = image.jpeg; path = "Earth-2048h-inverted.jpg"; sourceTree = "<group>"; };
		D204CB7D1AC3779200C149BD /* Earth-2048h.jpg */ = {isa = PBXFileReference; lastKnownFileType = image.jpeg; path = "Earth-2048h.jpg"; sourceTree = "<group>"; };
		D204CB7E1AC3779200C149BD /* WeatherDesign@1x.png */ = {isa = PBXFileReference; lastKnownFileType = image.png; path = "WeatherDesign@1x.png"; sourceTree = "<group>"; };
		D204CB7F1AC3779200C149BD /* WeatherDesign@2x.png */ = {isa = PBXFileReference; lastKnownFileType = image.png; path = "WeatherDesign@2x.png"; sourceTree = "<group>"; };
		D20F07D01AD473920095504E /* WeeklyWeatherTableViewCell.h */ = {isa = PBXFileReference; fileEncoding = 4; lastKnownFileType = sourcecode.c.h; path = WeeklyWeatherTableViewCell.h; sourceTree = "<group>"; };
		D20F07D11AD473920095504E /* WeeklyWeatherTableViewCell.m */ = {isa = PBXFileReference; fileEncoding = 4; lastKnownFileType = sourcecode.c.objc; path = WeeklyWeatherTableViewCell.m; sourceTree = "<group>"; };
		D20F07D51AD809800095504E /* Task.h */ = {isa = PBXFileReference; fileEncoding = 4; lastKnownFileType = sourcecode.c.h; path = Task.h; sourceTree = "<group>"; };
		D20F07D61AD809800095504E /* Task.m */ = {isa = PBXFileReference; fileEncoding = 4; lastKnownFileType = sourcecode.c.objc; path = Task.m; sourceTree = "<group>"; };
		D20F07D81AD809810095504E /* List.h */ = {isa = PBXFileReference; fileEncoding = 4; lastKnownFileType = sourcecode.c.h; path = List.h; sourceTree = "<group>"; };
		D20F07D91AD809810095504E /* List.m */ = {isa = PBXFileReference; fileEncoding = 4; lastKnownFileType = sourcecode.c.objc; path = List.m; sourceTree = "<group>"; };
		D20F07DC1AD80A040095504E /* ListsDataStore.h */ = {isa = PBXFileReference; fileEncoding = 4; lastKnownFileType = sourcecode.c.h; path = ListsDataStore.h; sourceTree = "<group>"; };
		D20F07DD1AD80A040095504E /* ListsDataStore.m */ = {isa = PBXFileReference; fileEncoding = 4; lastKnownFileType = sourcecode.c.objc; path = ListsDataStore.m; sourceTree = "<group>"; };
		D2196F8D1AEFE0DD00CD0A4A /* RSSDetailViewController.h */ = {isa = PBXFileReference; fileEncoding = 4; lastKnownFileType = sourcecode.c.h; path = RSSDetailViewController.h; sourceTree = "<group>"; };
		D2196F8E1AEFE0DD00CD0A4A /* RSSDetailViewController.m */ = {isa = PBXFileReference; fileEncoding = 4; lastKnownFileType = sourcecode.c.objc; path = RSSDetailViewController.m; sourceTree = "<group>"; };
		D21FA6051B13F529002543F3 /* CoreLocation.framework */ = {isa = PBXFileReference; lastKnownFileType = wrapper.framework; name = CoreLocation.framework; path = System/Library/Frameworks/CoreLocation.framework; sourceTree = SDKROOT; };
		D299D2B01AEF336D00A3393A /* RSSViewController.h */ = {isa = PBXFileReference; fileEncoding = 4; lastKnownFileType = sourcecode.c.h; path = RSSViewController.h; sourceTree = "<group>"; };
		D299D2B11AEF336D00A3393A /* RSSViewController.m */ = {isa = PBXFileReference; fileEncoding = 4; lastKnownFileType = sourcecode.c.objc; path = RSSViewController.m; sourceTree = "<group>"; };
		D2B9238E1B334B0D005448DF /* icon-dark-cloudy.png */ = {isa = PBXFileReference; lastKnownFileType = image.png; path = "icon-dark-cloudy.png"; sourceTree = "<group>"; };
		D2B9238F1B334B0D005448DF /* icon-dark-hail.png */ = {isa = PBXFileReference; lastKnownFileType = image.png; path = "icon-dark-hail.png"; sourceTree = "<group>"; };
		D2B923901B334B0D005448DF /* icon-dark-moon.png */ = {isa = PBXFileReference; lastKnownFileType = image.png; path = "icon-dark-moon.png"; sourceTree = "<group>"; };
		D2B923911B334B0D005448DF /* icon-dark-pc-day.png */ = {isa = PBXFileReference; lastKnownFileType = image.png; path = "icon-dark-pc-day.png"; sourceTree = "<group>"; };
		D2B923921B334B0D005448DF /* icon-dark-pc-night.png */ = {isa = PBXFileReference; lastKnownFileType = image.png; path = "icon-dark-pc-night.png"; sourceTree = "<group>"; };
		D2B923931B334B0D005448DF /* icon-dark-rain-cloud.png */ = {isa = PBXFileReference; lastKnownFileType = image.png; path = "icon-dark-rain-cloud.png"; sourceTree = "<group>"; };
		D2B923941B334B0D005448DF /* icon-dark-snowfall.png */ = {isa = PBXFileReference; lastKnownFileType = image.png; path = "icon-dark-snowfall.png"; sourceTree = "<group>"; };
		D2B923951B334B0D005448DF /* icon-dark-snowflake.png */ = {isa = PBXFileReference; lastKnownFileType = image.png; path = "icon-dark-snowflake.png"; sourceTree = "<group>"; };
		D2B923961B334B0D005448DF /* icon-dark-sunny.png */ = {isa = PBXFileReference; lastKnownFileType = image.png; path = "icon-dark-sunny.png"; sourceTree = "<group>"; };
		D2B923971B334B0D005448DF /* icon-dark-thunderstorm.png */ = {isa = PBXFileReference; lastKnownFileType = image.png; path = "icon-dark-thunderstorm.png"; sourceTree = "<group>"; };
		D2B923981B334B0D005448DF /* icon-dark-tornado.png */ = {isa = PBXFileReference; lastKnownFileType = image.png; path = "icon-dark-tornado.png"; sourceTree = "<group>"; };
		D2B923A41B335AA6005448DF /* icon-light-cloudy.png */ = {isa = PBXFileReference; lastKnownFileType = image.png; path = "icon-light-cloudy.png"; sourceTree = "<group>"; };
		D2B923A51B335AA6005448DF /* icon-light-hail.png */ = {isa = PBXFileReference; lastKnownFileType = image.png; path = "icon-light-hail.png"; sourceTree = "<group>"; };
		D2B923A61B335AA6005448DF /* icon-light-moon.png */ = {isa = PBXFileReference; lastKnownFileType = image.png; path = "icon-light-moon.png"; sourceTree = "<group>"; };
		D2B923A71B335AA6005448DF /* icon-light-pc-day.png */ = {isa = PBXFileReference; lastKnownFileType = image.png; path = "icon-light-pc-day.png"; sourceTree = "<group>"; };
		D2B923A81B335AA6005448DF /* icon-light-pc-night.png */ = {isa = PBXFileReference; lastKnownFileType = image.png; path = "icon-light-pc-night.png"; sourceTree = "<group>"; };
		D2B923A91B335AA6005448DF /* icon-light-rain-cloud.png */ = {isa = PBXFileReference; lastKnownFileType = image.png; path = "icon-light-rain-cloud.png"; sourceTree = "<group>"; };
		D2B923AA1B335AA6005448DF /* icon-light-snowfall.png */ = {isa = PBXFileReference; lastKnownFileType = image.png; path = "icon-light-snowfall.png"; sourceTree = "<group>"; };
		D2B923AB1B335AA6005448DF /* icon-light-snowflake.png */ = {isa = PBXFileReference; lastKnownFileType = image.png; path = "icon-light-snowflake.png"; sourceTree = "<group>"; };
		D2B923AC1B335AA6005448DF /* icon-light-sunny.png */ = {isa = PBXFileReference; lastKnownFileType = image.png; path = "icon-light-sunny.png"; sourceTree = "<group>"; };
		D2B923AD1B335AA6005448DF /* icon-light-thunderstorm.png */ = {isa = PBXFileReference; lastKnownFileType = image.png; path = "icon-light-thunderstorm.png"; sourceTree = "<group>"; };
		D2B923AE1B335AA6005448DF /* icon-light-tornado.png */ = {isa = PBXFileReference; lastKnownFileType = image.png; path = "icon-light-tornado.png"; sourceTree = "<group>"; };
		D2B923BC1B337170005448DF /* nav-left-reveal.png */ = {isa = PBXFileReference; lastKnownFileType = image.png; path = "nav-left-reveal.png"; sourceTree = "<group>"; };
		D2FEEB221AF2782C00DE3336 /* theater masks.png */ = {isa = PBXFileReference; lastKnownFileType = image.png; path = "theater masks.png"; sourceTree = "<group>"; };
		D2FEEB261AF2954600DE3336 /* MethodsCache.h */ = {isa = PBXFileReference; fileEncoding = 4; lastKnownFileType = sourcecode.c.h; path = MethodsCache.h; sourceTree = "<group>"; };
		D2FEEB271AF2954600DE3336 /* MethodsCache.m */ = {isa = PBXFileReference; fileEncoding = 4; lastKnownFileType = sourcecode.c.objc; path = MethodsCache.m; sourceTree = "<group>"; };
		D2FEEB2B1AF2AE2F00DE3336 /* Constants.h */ = {isa = PBXFileReference; fileEncoding = 4; lastKnownFileType = sourcecode.c.h; path = Constants.h; sourceTree = "<group>"; };
		D2FEEB2C1AF2AE2F00DE3336 /* Constants.m */ = {isa = PBXFileReference; fileEncoding = 4; lastKnownFileType = sourcecode.c.objc; path = Constants.m; sourceTree = "<group>"; };
		D2FEEB2E1AF3555A00DE3336 /* scitech.png */ = {isa = PBXFileReference; lastKnownFileType = image.png; path = scitech.png; sourceTree = "<group>"; };
		D2FEEB321AF41C9700DE3336 /* world news.png */ = {isa = PBXFileReference; lastKnownFileType = image.png; path = "world news.png"; sourceTree = "<group>"; };
		D2FEEB341AF41E2500DE3336 /* business.png */ = {isa = PBXFileReference; lastKnownFileType = image.png; path = business.png; sourceTree = "<group>"; };
/* End PBXFileReference section */

/* Begin PBXFrameworksBuildPhase section */
		D204CB491AC3626400C149BD /* Frameworks */ = {
			isa = PBXFrameworksBuildPhase;
			buildActionMask = 2147483647;
			files = (
				D21FA6061B13F529002543F3 /* CoreLocation.framework in Frameworks */,
				F13B69044E46DCF1959C2738 /* libPods-YourDay.a in Frameworks */,
			);
			runOnlyForDeploymentPostprocessing = 0;
		};
		D204CB651AC3626400C149BD /* Frameworks */ = {
			isa = PBXFrameworksBuildPhase;
			buildActionMask = 2147483647;
			files = (
			);
			runOnlyForDeploymentPostprocessing = 0;
		};
/* End PBXFrameworksBuildPhase section */

/* Begin PBXGroup section */
		D204CB431AC3626400C149BD = {
			isa = PBXGroup;
			children = (
				D204CB4E1AC3626400C149BD /* YourDay */,
				D204CB6B1AC3626400C149BD /* YourDayTests */,
				D204CB4D1AC3626400C149BD /* Products */,
				E4F6E6EAFDB8F40FA406D1A4 /* Pods */,
				D4884816C57553679A12740B /* Frameworks */,
			);
			sourceTree = "<group>";
		};
		D204CB4D1AC3626400C149BD /* Products */ = {
			isa = PBXGroup;
			children = (
				D204CB4C1AC3626400C149BD /* YourDay.app */,
				D204CB681AC3626400C149BD /* YourDayTests.xctest */,
			);
			name = Products;
			sourceTree = "<group>";
		};
		D204CB4E1AC3626400C149BD /* YourDay */ = {
			isa = PBXGroup;
			children = (
				D204CB531AC3626400C149BD /* AppDelegate.h */,
				D204CB541AC3626400C149BD /* AppDelegate.m */,
				D20F07DB1AD809CC0095504E /* DataStore */,
				D2FEEB251AF294D900DE3336 /* Core Data */,
				D2FEEB2A1AF2AE0C00DE3336 /* Constants */,
				D2FEEB241AF2948900DE3336 /* Methods Cache */,
				D20F07D41AD8031E0095504E /* TableViewCells */,
				D20F07D31AD8030B0095504E /* Controllers */,
				D204CB5C1AC3626400C149BD /* Main.storyboard */,
				D204CB5F1AC3626400C149BD /* Images.xcassets */,
				D204CB611AC3626400C149BD /* LaunchScreen.xib */,
				D204CB561AC3626400C149BD /* YourDay.xcdatamodeld */,
				D204CB7B1AC3775A00C149BD /* Assets */,
				D204CB4F1AC3626400C149BD /* Supporting Files */,
			);
			path = YourDay;
			sourceTree = "<group>";
		};
		D204CB4F1AC3626400C149BD /* Supporting Files */ = {
			isa = PBXGroup;
			children = (
				D204CB501AC3626400C149BD /* Info.plist */,
				D204CB511AC3626400C149BD /* main.m */,
			);
			name = "Supporting Files";
			sourceTree = "<group>";
		};
		D204CB6B1AC3626400C149BD /* YourDayTests */ = {
			isa = PBXGroup;
			children = (
				D204CB6E1AC3626400C149BD /* YourDayTests.m */,
				D204CB6C1AC3626400C149BD /* Supporting Files */,
			);
			path = YourDayTests;
			sourceTree = "<group>";
		};
		D204CB6C1AC3626400C149BD /* Supporting Files */ = {
			isa = PBXGroup;
			children = (
				D204CB6D1AC3626400C149BD /* Info.plist */,
			);
			name = "Supporting Files";
			sourceTree = "<group>";
		};
		D204CB7B1AC3775A00C149BD /* Assets */ = {
			isa = PBXGroup;
			children = (
				D2B9236F1B3295DA005448DF /* weather icons */,
				D2B923BE1B33728B005448DF /* RSS feed images */,
				D204CB7C1AC3779200C149BD /* Earth-2048h-inverted.jpg */,
				D204CB7D1AC3779200C149BD /* Earth-2048h.jpg */,
				D2B923BC1B337170005448DF /* nav-left-reveal.png */,
				D204CB7E1AC3779200C149BD /* WeatherDesign@1x.png */,
				D204CB7F1AC3779200C149BD /* WeatherDesign@2x.png */,
			);
			name = Assets;
			sourceTree = "<group>";
		};
		D20F07D31AD8030B0095504E /* Controllers */ = {
			isa = PBXGroup;
			children = (
				D204446B1AD20ECD007487AF /* RevealViewController.h */,
				D204446C1AD20ECD007487AF /* RevealViewController.m */,
				D204446E1AD20F07007487AF /* SideBarTableViewController.h */,
				D204446F1AD20F07007487AF /* SideBarTableViewController.m */,
				D204CB781AC3639800C149BD /* WeatherViewController.h */,
				D204CB791AC3639800C149BD /* WeatherViewController.m */,
				D20444651AD2037D007487AF /* WeeklyWeatherViewController.h */,
				D20444661AD2037D007487AF /* WeeklyWeatherViewController.m */,
				D20444711AD2259F007487AF /* TodoListViewController.h */,
				D20444721AD2259F007487AF /* TodoListViewController.m */,
				D20444741AD22819007487AF /* AddItemViewController.h */,
				D20444751AD22819007487AF /* AddItemViewController.m */,
				D20444771AD2282B007487AF /* DetailListViewController.h */,
				D20444781AD2282B007487AF /* DetailListViewController.m */,
				D299D2B01AEF336D00A3393A /* RSSViewController.h */,
				D299D2B11AEF336D00A3393A /* RSSViewController.m */,
				D2196F8D1AEFE0DD00CD0A4A /* RSSDetailViewController.h */,
				D2196F8E1AEFE0DD00CD0A4A /* RSSDetailViewController.m */,
			);
			name = Controllers;
			sourceTree = "<group>";
		};
		D20F07D41AD8031E0095504E /* TableViewCells */ = {
			isa = PBXGroup;
			children = (
				D20F07D01AD473920095504E /* WeeklyWeatherTableViewCell.h */,
				D20F07D11AD473920095504E /* WeeklyWeatherTableViewCell.m */,
			);
			name = TableViewCells;
			sourceTree = "<group>";
		};
		D20F07DB1AD809CC0095504E /* DataStore */ = {
			isa = PBXGroup;
			children = (
				D20F07DC1AD80A040095504E /* ListsDataStore.h */,
				D20F07DD1AD80A040095504E /* ListsDataStore.m */,
			);
			name = DataStore;
			sourceTree = "<group>";
		};
		D2B9236F1B3295DA005448DF /* weather icons */ = {
			isa = PBXGroup;
			children = (
				D2B923BA1B335EDC005448DF /* dark */,
				D2B923BB1B335EE9005448DF /* light */,
			);
			name = "weather icons";
			sourceTree = "<group>";
		};
		D2B923BA1B335EDC005448DF /* dark */ = {
			isa = PBXGroup;
			children = (
				D2B9238E1B334B0D005448DF /* icon-dark-cloudy.png */,
				D2B9238F1B334B0D005448DF /* icon-dark-hail.png */,
				D2B923901B334B0D005448DF /* icon-dark-moon.png */,
				D2B923911B334B0D005448DF /* icon-dark-pc-day.png */,
				D2B923921B334B0D005448DF /* icon-dark-pc-night.png */,
				D2B923931B334B0D005448DF /* icon-dark-rain-cloud.png */,
				D2B923941B334B0D005448DF /* icon-dark-snowfall.png */,
				D2B923951B334B0D005448DF /* icon-dark-snowflake.png */,
				D2B923961B334B0D005448DF /* icon-dark-sunny.png */,
				D2B923971B334B0D005448DF /* icon-dark-thunderstorm.png */,
				D2B923981B334B0D005448DF /* icon-dark-tornado.png */,
			);
			name = dark;
			sourceTree = "<group>";
		};
		D2B923BB1B335EE9005448DF /* light */ = {
			isa = PBXGroup;
			children = (
				D2B923A41B335AA6005448DF /* icon-light-cloudy.png */,
				D2B923A51B335AA6005448DF /* icon-light-hail.png */,
				D2B923A61B335AA6005448DF /* icon-light-moon.png */,
				D2B923A71B335AA6005448DF /* icon-light-pc-day.png */,
				D2B923A81B335AA6005448DF /* icon-light-pc-night.png */,
				D2B923A91B335AA6005448DF /* icon-light-rain-cloud.png */,
				D2B923AA1B335AA6005448DF /* icon-light-snowfall.png */,
				D2B923AB1B335AA6005448DF /* icon-light-snowflake.png */,
				D2B923AC1B335AA6005448DF /* icon-light-sunny.png */,
				D2B923AD1B335AA6005448DF /* icon-light-thunderstorm.png */,
				D2B923AE1B335AA6005448DF /* icon-light-tornado.png */,
			);
			name = light;
			sourceTree = "<group>";
		};
		D2B923BE1B33728B005448DF /* RSS feed images */ = {
			isa = PBXGroup;
			children = (
				D2FEEB341AF41E2500DE3336 /* business.png */,
				D2FEEB2E1AF3555A00DE3336 /* scitech.png */,
				D2FEEB221AF2782C00DE3336 /* theater masks.png */,
				D2FEEB321AF41C9700DE3336 /* world news.png */,
			);
			name = "RSS feed images";
			sourceTree = "<group>";
		};
		D2FEEB241AF2948900DE3336 /* Methods Cache */ = {
			isa = PBXGroup;
			children = (
				D2FEEB261AF2954600DE3336 /* MethodsCache.h */,
				D2FEEB271AF2954600DE3336 /* MethodsCache.m */,
			);
			name = "Methods Cache";
			sourceTree = "<group>";
		};
		D2FEEB251AF294D900DE3336 /* Core Data */ = {
			isa = PBXGroup;
			children = (
				D20F07D81AD809810095504E /* List.h */,
				D20F07D91AD809810095504E /* List.m */,
				D20F07D51AD809800095504E /* Task.h */,
				D20F07D61AD809800095504E /* Task.m */,
			);
			name = "Core Data";
			sourceTree = "<group>";
		};
		D2FEEB2A1AF2AE0C00DE3336 /* Constants */ = {
			isa = PBXGroup;
			children = (
				D2FEEB2B1AF2AE2F00DE3336 /* Constants.h */,
				D2FEEB2C1AF2AE2F00DE3336 /* Constants.m */,
			);
			name = Constants;
			sourceTree = "<group>";
		};
		D4884816C57553679A12740B /* Frameworks */ = {
			isa = PBXGroup;
			children = (
				D21FA6051B13F529002543F3 /* CoreLocation.framework */,
				3BF4D7F902519C7BC33BF619 /* libPods-YourDay.a */,
			);
			name = Frameworks;
			sourceTree = "<group>";
		};
		E4F6E6EAFDB8F40FA406D1A4 /* Pods */ = {
			isa = PBXGroup;
			children = (
				54608A9B7320009283D7181C /* Pods-YourDay.debug.xcconfig */,
				7C7BBA7DF1258C521DEE5AF9 /* Pods-YourDay.release.xcconfig */,
			);
			name = Pods;
			sourceTree = "<group>";
		};
/* End PBXGroup section */

/* Begin PBXNativeTarget section */
		D204CB4B1AC3626400C149BD /* YourDay */ = {
			isa = PBXNativeTarget;
			buildConfigurationList = D204CB721AC3626400C149BD /* Build configuration list for PBXNativeTarget "YourDay" */;
			buildPhases = (
				85D389637E6F7E64D599E226 /* Check Pods Manifest.lock */,
				D204CB481AC3626400C149BD /* Sources */,
				D204CB491AC3626400C149BD /* Frameworks */,
				D204CB4A1AC3626400C149BD /* Resources */,
				1B905CDEF6CBA500682F1C5F /* Copy Pods Resources */,
			);
			buildRules = (
			);
			dependencies = (
			);
			name = YourDay;
			productName = YourDay;
			productReference = D204CB4C1AC3626400C149BD /* YourDay.app */;
			productType = "com.apple.product-type.application";
		};
		D204CB671AC3626400C149BD /* YourDayTests */ = {
			isa = PBXNativeTarget;
			buildConfigurationList = D204CB751AC3626400C149BD /* Build configuration list for PBXNativeTarget "YourDayTests" */;
			buildPhases = (
				D204CB641AC3626400C149BD /* Sources */,
				D204CB651AC3626400C149BD /* Frameworks */,
				D204CB661AC3626400C149BD /* Resources */,
			);
			buildRules = (
			);
			dependencies = (
				D204CB6A1AC3626400C149BD /* PBXTargetDependency */,
			);
			name = YourDayTests;
			productName = YourDayTests;
			productReference = D204CB681AC3626400C149BD /* YourDayTests.xctest */;
			productType = "com.apple.product-type.bundle.unit-test";
		};
/* End PBXNativeTarget section */

/* Begin PBXProject section */
		D204CB441AC3626400C149BD /* Project object */ = {
			isa = PBXProject;
			attributes = {
				LastUpgradeCheck = 0620;
				ORGANIZATIONNAME = "Here We Go";
				TargetAttributes = {
					D204CB4B1AC3626400C149BD = {
						CreatedOnToolsVersion = 6.2;
					};
					D204CB671AC3626400C149BD = {
						CreatedOnToolsVersion = 6.2;
						TestTargetID = D204CB4B1AC3626400C149BD;
					};
				};
			};
			buildConfigurationList = D204CB471AC3626400C149BD /* Build configuration list for PBXProject "YourDay" */;
			compatibilityVersion = "Xcode 3.2";
			developmentRegion = English;
			hasScannedForEncodings = 0;
			knownRegions = (
				en,
				Base,
			);
			mainGroup = D204CB431AC3626400C149BD;
			productRefGroup = D204CB4D1AC3626400C149BD /* Products */;
			projectDirPath = "";
			projectRoot = "";
			targets = (
				D204CB4B1AC3626400C149BD /* YourDay */,
				D204CB671AC3626400C149BD /* YourDayTests */,
			);
		};
/* End PBXProject section */

/* Begin PBXResourcesBuildPhase section */
		D204CB4A1AC3626400C149BD /* Resources */ = {
			isa = PBXResourcesBuildPhase;
			buildActionMask = 2147483647;
			files = (
				D2B923B11B335AA6005448DF /* icon-light-moon.png in Resources */,
				D2B923A01B334B0D005448DF /* icon-dark-snowflake.png in Resources */,
				D2B9239F1B334B0D005448DF /* icon-dark-snowfall.png in Resources */,
				D2B923A11B334B0D005448DF /* icon-dark-sunny.png in Resources */,
				D2B923B61B335AA6005448DF /* icon-light-snowflake.png in Resources */,
				D2B923AF1B335AA6005448DF /* icon-light-cloudy.png in Resources */,
				D204CB801AC3779200C149BD /* Earth-2048h-inverted.jpg in Resources */,
				D2B9239E1B334B0D005448DF /* icon-dark-rain-cloud.png in Resources */,
				D204CB811AC3779200C149BD /* Earth-2048h.jpg in Resources */,
				D2FEEB331AF41C9700DE3336 /* world news.png in Resources */,
				D2B923B81B335AA6005448DF /* icon-light-thunderstorm.png in Resources */,
				D2B9239B1B334B0D005448DF /* icon-dark-moon.png in Resources */,
				D204CB5E1AC3626400C149BD /* Main.storyboard in Resources */,
				D2FEEB2F1AF3555A00DE3336 /* scitech.png in Resources */,
				D204CB631AC3626400C149BD /* LaunchScreen.xib in Resources */,
				D204CB831AC3779200C149BD /* WeatherDesign@2x.png in Resources */,
				D2B923991B334B0D005448DF /* icon-dark-cloudy.png in Resources */,
				D2B9239D1B334B0D005448DF /* icon-dark-pc-night.png in Resources */,
				D2FEEB351AF41E2500DE3336 /* business.png in Resources */,
				D2B923A21B334B0D005448DF /* icon-dark-thunderstorm.png in Resources */,
				D2B923B31B335AA6005448DF /* icon-light-pc-night.png in Resources */,
				D204CB821AC3779200C149BD /* WeatherDesign@1x.png in Resources */,
				D2B9239C1B334B0D005448DF /* icon-dark-pc-day.png in Resources */,
				D2B923A31B334B0D005448DF /* icon-dark-tornado.png in Resources */,
				D2B923B01B335AA6005448DF /* icon-light-hail.png in Resources */,
				D2B923B41B335AA6005448DF /* icon-light-rain-cloud.png in Resources */,
				D2B923B21B335AA6005448DF /* icon-light-pc-day.png in Resources */,
				D204CB601AC3626400C149BD /* Images.xcassets in Resources */,
				D2FEEB231AF2782C00DE3336 /* theater masks.png in Resources */,
				D2B9239A1B334B0D005448DF /* icon-dark-hail.png in Resources */,
				D2B923B51B335AA6005448DF /* icon-light-snowfall.png in Resources */,
				D2B923BD1B337170005448DF /* nav-left-reveal.png in Resources */,
				D2B923B71B335AA6005448DF /* icon-light-sunny.png in Resources */,
				D2B923B91B335AA6005448DF /* icon-light-tornado.png in Resources */,
			);
			runOnlyForDeploymentPostprocessing = 0;
		};
		D204CB661AC3626400C149BD /* Resources */ = {
			isa = PBXResourcesBuildPhase;
			buildActionMask = 2147483647;
			files = (
			);
			runOnlyForDeploymentPostprocessing = 0;
		};
/* End PBXResourcesBuildPhase section */

/* Begin PBXShellScriptBuildPhase section */
		1B905CDEF6CBA500682F1C5F /* Copy Pods Resources */ = {
			isa = PBXShellScriptBuildPhase;
			buildActionMask = 2147483647;
			files = (
			);
			inputPaths = (
			);
			name = "Copy Pods Resources";
			outputPaths = (
			);
			runOnlyForDeploymentPostprocessing = 0;
			shellPath = /bin/sh;
			shellScript = "\"${SRCROOT}/Pods/Target Support Files/Pods-YourDay/Pods-YourDay-resources.sh\"\n";
			showEnvVarsInLog = 0;
		};
		85D389637E6F7E64D599E226 /* Check Pods Manifest.lock */ = {
			isa = PBXShellScriptBuildPhase;
			buildActionMask = 2147483647;
			files = (
			);
			inputPaths = (
			);
			name = "Check Pods Manifest.lock";
			outputPaths = (
			);
			runOnlyForDeploymentPostprocessing = 0;
			shellPath = /bin/sh;
			shellScript = "diff \"${PODS_ROOT}/../Podfile.lock\" \"${PODS_ROOT}/Manifest.lock\" > /dev/null\nif [[ $? != 0 ]] ; then\n    cat << EOM\nerror: The sandbox is not in sync with the Podfile.lock. Run 'pod install' or update your CocoaPods installation.\nEOM\n    exit 1\nfi\n";
			showEnvVarsInLog = 0;
		};
/* End PBXShellScriptBuildPhase section */

/* Begin PBXSourcesBuildPhase section */
		D204CB481AC3626400C149BD /* Sources */ = {
			isa = PBXSourcesBuildPhase;
			buildActionMask = 2147483647;
			files = (
				D20F07DA1AD809810095504E /* List.m in Sources */,
				D204CB551AC3626400C149BD /* AppDelegate.m in Sources */,
				D204446D1AD20ECD007487AF /* RevealViewController.m in Sources */,
				D204CB521AC3626400C149BD /* main.m in Sources */,
				D20F07D21AD473920095504E /* WeeklyWeatherTableViewCell.m in Sources */,
				D2FEEB281AF2954600DE3336 /* MethodsCache.m in Sources */,
				D20F07D71AD809800095504E /* Task.m in Sources */,
				D204CB7A1AC3639800C149BD /* WeatherViewController.m in Sources */,
				D20444761AD22819007487AF /* AddItemViewController.m in Sources */,
				D20444731AD2259F007487AF /* TodoListViewController.m in Sources */,
				D20444701AD20F07007487AF /* SideBarTableViewController.m in Sources */,
				D20444671AD2037D007487AF /* WeeklyWeatherViewController.m in Sources */,
				D20F07DE1AD80A040095504E /* ListsDataStore.m in Sources */,
				D204CB581AC3626400C149BD /* YourDay.xcdatamodeld in Sources */,
				D299D2B21AEF336D00A3393A /* RSSViewController.m in Sources */,
				D2196F8F1AEFE0DD00CD0A4A /* RSSDetailViewController.m in Sources */,
				D20444791AD2282B007487AF /* DetailListViewController.m in Sources */,
				D2FEEB2D1AF2AE2F00DE3336 /* Constants.m in Sources */,
			);
			runOnlyForDeploymentPostprocessing = 0;
		};
		D204CB641AC3626400C149BD /* Sources */ = {
			isa = PBXSourcesBuildPhase;
			buildActionMask = 2147483647;
			files = (
				D204CB6F1AC3626400C149BD /* YourDayTests.m in Sources */,
			);
			runOnlyForDeploymentPostprocessing = 0;
		};
/* End PBXSourcesBuildPhase section */

/* Begin PBXTargetDependency section */
		D204CB6A1AC3626400C149BD /* PBXTargetDependency */ = {
			isa = PBXTargetDependency;
			target = D204CB4B1AC3626400C149BD /* YourDay */;
			targetProxy = D204CB691AC3626400C149BD /* PBXContainerItemProxy */;
		};
/* End PBXTargetDependency section */

/* Begin PBXVariantGroup section */
		D204CB5C1AC3626400C149BD /* Main.storyboard */ = {
			isa = PBXVariantGroup;
			children = (
				D204CB5D1AC3626400C149BD /* Base */,
			);
			name = Main.storyboard;
			sourceTree = "<group>";
		};
		D204CB611AC3626400C149BD /* LaunchScreen.xib */ = {
			isa = PBXVariantGroup;
			children = (
				D204CB621AC3626400C149BD /* Base */,
			);
			name = LaunchScreen.xib;
			sourceTree = "<group>";
		};
/* End PBXVariantGroup section */

/* Begin XCBuildConfiguration section */
		D204CB701AC3626400C149BD /* Debug */ = {
			isa = XCBuildConfiguration;
			buildSettings = {
				ALWAYS_SEARCH_USER_PATHS = NO;
				CLANG_CXX_LANGUAGE_STANDARD = "gnu++0x";
				CLANG_CXX_LIBRARY = "libc++";
				CLANG_ENABLE_MODULES = YES;
				CLANG_ENABLE_OBJC_ARC = YES;
				CLANG_WARN_BOOL_CONVERSION = YES;
				CLANG_WARN_CONSTANT_CONVERSION = YES;
				CLANG_WARN_DIRECT_OBJC_ISA_USAGE = YES_ERROR;
				CLANG_WARN_EMPTY_BODY = YES;
				CLANG_WARN_ENUM_CONVERSION = YES;
				CLANG_WARN_INT_CONVERSION = YES;
				CLANG_WARN_OBJC_ROOT_CLASS = YES_ERROR;
				CLANG_WARN_UNREACHABLE_CODE = YES;
				CLANG_WARN__DUPLICATE_METHOD_MATCH = YES;
				"CODE_SIGN_IDENTITY[sdk=iphoneos*]" = "iPhone Developer";
				COPY_PHASE_STRIP = NO;
				ENABLE_STRICT_OBJC_MSGSEND = YES;
				GCC_C_LANGUAGE_STANDARD = gnu99;
				GCC_DYNAMIC_NO_PIC = NO;
				GCC_OPTIMIZATION_LEVEL = 0;
				GCC_PREPROCESSOR_DEFINITIONS = (
					"DEBUG=1",
					"$(inherited)",
				);
				GCC_SYMBOLS_PRIVATE_EXTERN = NO;
				GCC_WARN_64_TO_32_BIT_CONVERSION = YES;
				GCC_WARN_ABOUT_RETURN_TYPE = YES_ERROR;
				GCC_WARN_UNDECLARED_SELECTOR = YES;
				GCC_WARN_UNINITIALIZED_AUTOS = YES_AGGRESSIVE;
				GCC_WARN_UNUSED_FUNCTION = YES;
				GCC_WARN_UNUSED_VARIABLE = YES;
				IPHONEOS_DEPLOYMENT_TARGET = 8.2;
				MTL_ENABLE_DEBUG_INFO = YES;
				ONLY_ACTIVE_ARCH = YES;
				SDKROOT = iphoneos;
				TARGETED_DEVICE_FAMILY = "1,2";
			};
			name = Debug;
		};
		D204CB711AC3626400C149BD /* Release */ = {
			isa = XCBuildConfiguration;
			buildSettings = {
				ALWAYS_SEARCH_USER_PATHS = NO;
				CLANG_CXX_LANGUAGE_STANDARD = "gnu++0x";
				CLANG_CXX_LIBRARY = "libc++";
				CLANG_ENABLE_MODULES = YES;
				CLANG_ENABLE_OBJC_ARC = YES;
				CLANG_WARN_BOOL_CONVERSION = YES;
				CLANG_WARN_CONSTANT_CONVERSION = YES;
				CLANG_WARN_DIRECT_OBJC_ISA_USAGE = YES_ERROR;
				CLANG_WARN_EMPTY_BODY = YES;
				CLANG_WARN_ENUM_CONVERSION = YES;
				CLANG_WARN_INT_CONVERSION = YES;
				CLANG_WARN_OBJC_ROOT_CLASS = YES_ERROR;
				CLANG_WARN_UNREACHABLE_CODE = YES;
				CLANG_WARN__DUPLICATE_METHOD_MATCH = YES;
				"CODE_SIGN_IDENTITY[sdk=iphoneos*]" = "iPhone Developer";
				COPY_PHASE_STRIP = NO;
				ENABLE_NS_ASSERTIONS = NO;
				ENABLE_STRICT_OBJC_MSGSEND = YES;
				GCC_C_LANGUAGE_STANDARD = gnu99;
				GCC_WARN_64_TO_32_BIT_CONVERSION = YES;
				GCC_WARN_ABOUT_RETURN_TYPE = YES_ERROR;
				GCC_WARN_UNDECLARED_SELECTOR = YES;
				GCC_WARN_UNINITIALIZED_AUTOS = YES_AGGRESSIVE;
				GCC_WARN_UNUSED_FUNCTION = YES;
				GCC_WARN_UNUSED_VARIABLE = YES;
				IPHONEOS_DEPLOYMENT_TARGET = 8.2;
				MTL_ENABLE_DEBUG_INFO = NO;
				SDKROOT = iphoneos;
				TARGETED_DEVICE_FAMILY = "1,2";
				VALIDATE_PRODUCT = YES;
			};
			name = Release;
		};
		D204CB731AC3626400C149BD /* Debug */ = {
			isa = XCBuildConfiguration;
			baseConfigurationReference = 54608A9B7320009283D7181C /* Pods-YourDay.debug.xcconfig */;
			buildSettings = {
				ASSETCATALOG_COMPILER_APPICON_NAME = AppIcon;
				INFOPLIST_FILE = YourDay/Info.plist;
				LD_RUNPATH_SEARCH_PATHS = "$(inherited) @executable_path/Frameworks";
				PRODUCT_NAME = "$(TARGET_NAME)";
			};
			name = Debug;
		};
		D204CB741AC3626400C149BD /* Release */ = {
			isa = XCBuildConfiguration;
			baseConfigurationReference = 7C7BBA7DF1258C521DEE5AF9 /* Pods-YourDay.release.xcconfig */;
			buildSettings = {
				ASSETCATALOG_COMPILER_APPICON_NAME = AppIcon;
				INFOPLIST_FILE = YourDay/Info.plist;
				LD_RUNPATH_SEARCH_PATHS = "$(inherited) @executable_path/Frameworks";
				PRODUCT_NAME = "$(TARGET_NAME)";
			};
			name = Release;
		};
		D204CB761AC3626400C149BD /* Debug */ = {
			isa = XCBuildConfiguration;
			buildSettings = {
				BUNDLE_LOADER = "$(TEST_HOST)";
				FRAMEWORK_SEARCH_PATHS = (
					"$(SDKROOT)/Developer/Library/Frameworks",
					"$(inherited)",
				);
				GCC_PREPROCESSOR_DEFINITIONS = (
					"DEBUG=1",
					"$(inherited)",
				);
				INFOPLIST_FILE = YourDayTests/Info.plist;
				LD_RUNPATH_SEARCH_PATHS = "$(inherited) @executable_path/Frameworks @loader_path/Frameworks";
				PRODUCT_NAME = "$(TARGET_NAME)";
				TEST_HOST = "$(BUILT_PRODUCTS_DIR)/YourDay.app/YourDay";
			};
			name = Debug;
		};
		D204CB771AC3626400C149BD /* Release */ = {
			isa = XCBuildConfiguration;
			buildSettings = {
				BUNDLE_LOADER = "$(TEST_HOST)";
				FRAMEWORK_SEARCH_PATHS = (
					"$(SDKROOT)/Developer/Library/Frameworks",
					"$(inherited)",
				);
				INFOPLIST_FILE = YourDayTests/Info.plist;
				LD_RUNPATH_SEARCH_PATHS = "$(inherited) @executable_path/Frameworks @loader_path/Frameworks";
				PRODUCT_NAME = "$(TARGET_NAME)";
				TEST_HOST = "$(BUILT_PRODUCTS_DIR)/YourDay.app/YourDay";
			};
			name = Release;
		};
/* End XCBuildConfiguration section */

/* Begin XCConfigurationList section */
		D204CB471AC3626400C149BD /* Build configuration list for PBXProject "YourDay" */ = {
			isa = XCConfigurationList;
			buildConfigurations = (
				D204CB701AC3626400C149BD /* Debug */,
				D204CB711AC3626400C149BD /* Release */,
			);
			defaultConfigurationIsVisible = 0;
			defaultConfigurationName = Release;
		};
		D204CB721AC3626400C149BD /* Build configuration list for PBXNativeTarget "YourDay" */ = {
			isa = XCConfigurationList;
			buildConfigurations = (
				D204CB731AC3626400C149BD /* Debug */,
				D204CB741AC3626400C149BD /* Release */,
			);
			defaultConfigurationIsVisible = 0;
			defaultConfigurationName = Release;
		};
		D204CB751AC3626400C149BD /* Build configuration list for PBXNativeTarget "YourDayTests" */ = {
			isa = XCConfigurationList;
			buildConfigurations = (
				D204CB761AC3626400C149BD /* Debug */,
				D204CB771AC3626400C149BD /* Release */,
			);
			defaultConfigurationIsVisible = 0;
			defaultConfigurationName = Release;
		};
/* End XCConfigurationList section */

/* Begin XCVersionGroup section */
		D204CB561AC3626400C149BD /* YourDay.xcdatamodeld */ = {
			isa = XCVersionGroup;
			children = (
				D204CB571AC3626400C149BD /* YourDay.xcdatamodel */,
			);
			currentVersion = D204CB571AC3626400C149BD /* YourDay.xcdatamodel */;
			path = YourDay.xcdatamodeld;
			sourceTree = "<group>";
			versionGroupType = wrapper.xcdatamodel;
		};
/* End XCVersionGroup section */
	};
	rootObject = D204CB441AC3626400C149BD /* Project object */;
}
